
Microsoft Visual Studio Solution File, Format Version 12.00
# Visual Studio Version 17
VisualStudioVersion = 17.8.34525.116
MinimumVisualStudioVersion = 10.0.40219.1
Project("{FAE04EC0-301F-11D3-BF4B-00C04F79EFBC}") = "BankApplication", "BankApplication.csproj", "{BA44D8EE-B6E0-43D9-BCB3-B344A678D247}"
EndProject
Global
	GlobalSection(SolutionConfigurationPlatforms) = preSolution
		Debug|Any CPU = Debug|Any CPU
		Release|Any CPU = Release|Any CPU
	EndGlobalSection
	GlobalSection(ProjectConfigurationPlatforms) = postSolution
		{BA44D8EE-B6E0-43D9-BCB3-B344A678D247}.Debug|Any CPU.ActiveCfg = Debug|Any CPU
		{BA44D8EE-B6E0-43D9-BCB3-B344A678D247}.Debug|Any CPU.Build.0 = Debug|Any CPU
		{BA44D8EE-B6E0-43D9-BCB3-B344A678D247}.Release|Any CPU.ActiveCfg = Release|Any CPU
		{BA44D8EE-B6E0-43D9-BCB3-B344A678D247}.Release|Any CPU.Build.0 = Release|Any CPU
	EndGlobalSection
	GlobalSection(SolutionProperties) = preSolution
		HideSolutionNode = FALSE
	EndGlobalSection
	GlobalSection(ExtensibilityGlobals) = postSolution
		SolutionGuid = {F3959D9D-487B-4C59-AD91-71A376483E87}
	EndGlobalSection
EndGlobal
